[[package]]
category = "main"
description = "Guppy 3 -- Guppy-PE ported to Python 3"
name = "guppy3"
optional = false
python-versions = ">=3.5"
version = "3.1.0"

[metadata]
content-hash = "daca3b09bc6220838004e41eabf51b33a74bbac2641e52322a1a19d97bf2bf3c"
python-versions = "^3.8"

[metadata.files]
guppy3 = [
    {file = "guppy3-3.1.0-cp35-cp35m-macosx_10_9_x86_64.whl", hash = "sha256:9acec542761c52c321daa6262af53701789cecaa08b6f4283da880f367fda943"},
    {file = "guppy3-3.1.0-cp35-cp35m-manylinux1_i686.whl", hash = "sha256:4de9b96f9faf89a63253cc96f6a21dd2fc13b66cbe3f2d59348a0550f1b2cba6"},
    {file = "guppy3-3.1.0-cp35-cp35m-manylinux1_x86_64.whl", hash = "sha256:5a1bcc2db1374f0d6f32c730b1034c0ede751bf84a4c56c28a1f91be49b4ca2e"},
    {file = "guppy3-3.1.0-cp35-cp35m-manylinux2010_i686.whl", hash = "sha256:bde245f4c7790d125cf18d1ce827f16fdf9220eecfb05ca4066d5c5f347ffe32"},
    {file = "guppy3-3.1.0-cp35-cp35m-manylinux2010_x86_64.whl", hash = "sha256:fafbbad6a6b146cf0d71ebbbfe069f72260294b33dea45fca389b994e743f62a"},
    {file = "guppy3-3.1.0-cp35-cp35m-win32.whl", hash = "sha256:d6b8a488062073271044ac016efaf49c00387e5f2b2e65fcf4a4a4c36a5434b3"},
    {file = "guppy3-3.1.0-cp35-cp35m-win_amd64.whl", hash = "sha256:e39097a4ca0a628d59964cdc2452a72cd01f2ad3c79b2953d886e2fb9715643d"},
    {file = "guppy3-3.1.0-cp36-cp36m-macosx_10_9_x86_64.whl", hash = "sha256:f8cedf56fc50c52b3c4ba1677df68bd8ec4f24d1c0100a6d90639bc06767f67a"},
    {file = "guppy3-3.1.0-cp36-cp36m-manylinux1_i686.whl", hash = "sha256:0b03563075027c30d18962c51896e0707b9109fc125a8a8bb658c328c5ccca44"},
    {file = "guppy3-3.1.0-cp36-cp36m-manylinux1_x86_64.whl", hash = "sha256:93a4d6d4ae94aa25368353d5bdb1e627c617e1fe4a2d1496397be5c764d119a8"},
    {file = "guppy3-3.1.0-cp36-cp36m-manylinux2010_i686.whl", hash = "sha256:8804a82f2d831437b26567869dbfe98ed299e4a2b57f53c69f16a30d2d7d76d3"},
    {file = "guppy3-3.1.0-cp36-cp36m-manylinux2010_x86_64.whl", hash = "sha256:14abdd61d8fdf9f0aa729052c5733ea415adb033f8e04f275733eeabe2975869"},
    {file = "guppy3-3.1.0-cp36-cp36m-win32.whl", hash = "sha256:72bbbfcb4f5e92089058eb5a5dea93645ede5648f970b14d628114e01beef380"},
    {file = "guppy3-3.1.0-cp36-cp36m-win_amd64.whl", hash = "sha256:684fcbf5ffdb54b44bd70f50ccfa3e537b405df0bb80c861c28a091306011bee"},
    {file = "guppy3-3.1.0-cp37-cp37m-macosx_10_9_x86_64.whl", hash = "sha256:ede6d14658c03d952c251ae506f06950689f4ec84691f1fcb59faccc8199ee46"},
    {file = "guppy3-3.1.0-cp37-cp37m-manylinux1_i686.whl", hash = "sha256:c7f027a0a2259bf4290a347d948a12db2c0f4d2b5e8f2dd8e88ec88d623981fe"},
    {file = "guppy3-3.1.0-cp37-cp37m-manylinux1_x86_64.whl", hash = "sha256:710e0f9266030bb8755a8d70c2dbca4fc98b64941530db4b9902278283648487"},
    {file = "guppy3-3.1.0-cp37-cp37m-manylinux2010_i686.whl", hash = "sha256:ff319f6d18425f3aaea0ed6821f427217798a82a63ca9e57af291e617afca0eb"},
    {file = "guppy3-3.1.0-cp37-cp37m-manylinux2010_x86_64.whl", hash = "sha256:15a6083fcd67d7631fd8ff90328846d86946a12912d72ed97519af116197948f"},
    {file = "guppy3-3.1.0-cp37-cp37m-win32.whl", hash = "sha256:635f63157e41254228c31d76bf0b77160f76f84a5eb818b4b09d729aa0b69aea"},
    {file = "guppy3-3.1.0-cp37-cp37m-win_amd64.whl", hash = "sha256:2f4ac69687dbbd99b93540ad55b608240fb4fa002f9bd177d1bb7741b8319447"},
    {file = "guppy3-3.1.0-cp38-cp38-macosx_10_9_x86_64.whl", hash = "sha256:9a6a4ff4fe2b53d3f6001f3eda0c160eedc67adeadea26b39da4cb4b880c23f9"},
    {file = "guppy3-3.1.0-cp38-cp38-manylinux1_i686.whl", hash = "sha256:a5ecce197138e926bdc6862f8958f832ba3af16016fe1c41f06328309ad7f658"},
    {file = "guppy3-3.1.0-cp38-cp38-manylinux1_x86_64.whl", hash = "sha256:603e6e3e0e047270067455a8ac62ca0cfda0ee3cb101b4c96ddc56d14ca0e2ba"},
    {file = "guppy3-3.1.0-cp38-cp38-manylinux2010_i686.whl", hash = "sha256:633acf7bf777064c58a15f0578ddf5c66d34c2ec9ba6f2ab69b7f60d0a7b1fc0"},
    {file = "guppy3-3.1.0-cp38-cp38-manylinux2010_x86_64.whl", hash = "sha256:b4902852f360c1c2cfb7e2d4dffb1a7df86197baebc888081bcded6b2c177e5e"},
    {file = "guppy3-3.1.0-cp38-cp38-win32.whl", hash = "sha256:655f04893a6f090cf0589eefd917ceb57e6ffe89c3801781ab119d55137eea67"},
    {file = "guppy3-3.1.0-cp38-cp38-win_amd64.whl", hash = "sha256:fd746e282a5dc936b229060fe670e3197152af098250d21d43c116d837b090c5"},
    {file = "guppy3-3.1.0-cp39-cp39-macosx_10_9_x86_64.whl", hash = "sha256:8b040414e7d90feaa220c4578d460fe05f82a79495104b5a46fe1dd9caf45864"},
    {file = "guppy3-3.1.0-cp39-cp39-manylinux1_i686.whl", hash = "sha256:3b27fd4e687b3167182c36ea575157bb6acb7506c06794a3ccd6feb6585ed909"},
    {file = "guppy3-3.1.0-cp39-cp39-manylinux1_x86_64.whl", hash = "sha256:54693ef042c0740239f54a897c42a4fbd484775450d7e27405f66fd5c267eea8"},
    {file = "guppy3-3.1.0-cp39-cp39-manylinux2010_i686.whl", hash = "sha256:4d5593bb297f7da9a8ed841a68190a6a73aeb8e2659de31688991f183bbf40f2"},
    {file = "guppy3-3.1.0-cp39-cp39-manylinux2010_x86_64.whl", hash = "sha256:4dd6948045e45f9e70687daef186e794028842b2ded93073b7040cd222ae746c"},
    {file = "guppy3-3.1.0-cp39-cp39-win32.whl", hash = "sha256:1454c3608ed0b621cf9aed9c75806e992cd38115b37665769f606e4f8268cb77"},
    {file = "guppy3-3.1.0-cp39-cp39-win_amd64.whl", hash = "sha256:1b22f38409155074d4785d3035e255cb1665b736a498e539680a6d82392e378b"},
    {file = "guppy3-3.1.0.tar.gz", hash = "sha256:2114c70da3dbf90ca34b550407bac3ecd549a0b89184f74c0ae0d70d16abada2"},
]
